
Microsoft Visual Studio Solution File, Format Version 12.00
# Visual Studio 15
VisualStudioVersion = 15.0.28307.489
MinimumVisualStudioVersion = 10.0.40219.1
Project("{FAE04EC0-301F-11D3-BF4B-00C04F79EFBC}") = "LearnerSS", "LearnerSS\LearnerSS.csproj", "{05F3976E-58D6-4BB8-B22E-DF57E91F6165}"
EndProject
Global
	GlobalSection(SolutionConfigurationPlatforms) = preSolution
		Debug|Any CPU = Debug|Any CPU
		Release|Any CPU = Release|Any CPU
	EndGlobalSection
	GlobalSection(ProjectConfigurationPlatforms) = postSolution
		{05F3976E-58D6-4BB8-B22E-DF57E91F6165}.Debug|Any CPU.ActiveCfg = Debug|Any CPU
		{05F3976E-58D6-4BB8-B22E-DF57E91F6165}.Debug|Any CPU.Build.0 = Debug|Any CPU
		{05F3976E-58D6-4BB8-B22E-DF57E91F6165}.Release|Any CPU.ActiveCfg = Release|Any CPU
		{05F3976E-58D6-4BB8-B22E-DF57E91F6165}.Release|Any CPU.Build.0 = Release|Any CPU
	EndGlobalSection
	GlobalSection(SolutionProperties) = preSolution
		HideSolutionNode = FALSE
	EndGlobalSection
	GlobalSection(ExtensibilityGlobals) = postSolution
		SolutionGuid = {3256D5EB-BAB4-4922-8D2A-377DCFBBEB99}
	EndGlobalSection
EndGlobal
